github.com/4meepo/tagalign v1.4.3 h1:Bnu7jGWwbfpAie2vyl63Zup5KuRv21olsPIha53BJr8=
github.com/4meepo/tagalign v1.4.3/go.mod h1:00WwRjiuSbrRJnSVeGWPLp2epS5Q/l4UEy0apLLS37c=
github.com/alfatraining/structtag v1.0.0 h1:2qmcUqNcCoyVJ0up879K614L9PazjBSFruTB0GOFjCc=
github.com/alfatraining/structtag v1.0.0/go.mod h1:p3Xi5SwzTi+Ryj64DqjLWz7XurHxbGsq6y3ubePJPus=
github.com/cpuguy83/go-md2man/v2 v2.0.6/go.mod h1:oOW0eioCTA6cOiMLiUPZOpcVxMig6NIQQ7OS05n1F4g=
github.com/creack/pty v1.1.9/go.mod h1:oKZEueFk5CKHvIhNR5MUki03XCEU+Q6VDXinZuGJ33E=
github.com/daixiang0/gci v0.14.0 h1:h6AcLqmjIOBgojhtzY2CvBnA6RawPTkBHgtMvYD5YZ8=
github.com/daixiang0/gci v0.14.0/go.mod h1:w9E+SWQ4aPQ+xYPUdqitGDoXpT4mayqOfk7Szz2U6wQ=
github.com/davecgh/go-spew v1.1.2-0.20180830191138-d8f796af33cc h1:U9qPSI2PIWSS1VwoXQT9A3Wy9MM3WgvqSxFWenqJduM=
github.com/davecgh/go-spew v1.1.2-0.20180830191138-d8f796af33cc/go.mod h1:J7Y8YcW2NihsgmVo/mv3lAwl/skON4iLHjSsI+c5H38=
github.com/golang/protobuf v1.5.0/go.mod h1:FsONVRAS9T7sI+LIUmWTfcYkHO4aIWwzhcaSAoJOfIk=
github.com/golang/protobuf v1.5.3 h1:KhyjKVUg7Usr/dYsdSqoFveMYd5ko72D+zANwlG1mmg=
github.com/golang/protobuf v1.5.3/go.mod h1:XVQd3VNwM+JqD3oG2Ue2ip4fOMUkwXdXDdiuN0vRsmY=
github.com/google/go-cmp v0.5.5/go.mod h1:v8dTdLbMG2kIc/vJvl+f65V22dbkXbowE6jgT/gNBxE=
github.com/google/go-cmp v0.7.0 h1:wk8382ETsv4JYUZwIsn6YpYiWiBsYLSJiTsyBybVuN8=
github.com/google/go-cmp v0.7.0/go.mod h1:pXiqmnSA92OHEEa9HXL2W4E7lf9JzCmGVUdgjX3N/iU=
github.com/hexops/gotextdiff v1.0.3 h1:gitA9+qJrrTCsiCl7+kh75nPqQt1cx4ZkudSTLoUqJM=
github.com/hexops/gotextdiff v1.0.3/go.mod h1:pSWU5MAI3yDq+fZBTazCSJysOMbxWL1BSow5/V2vxeg=
github.com/inconshreveable/mousetrap v1.1.0 h1:wN+x4NVGpMsO7ErUn/mUI3vEoE6Jt13X2s0bqwp9tc8=
github.com/inconshreveable/mousetrap v1.1.0/go.mod h1:vpF70FUmC8bwa3OWnCshd2FqLfsEA9PFc4w1p2J65bw=
github.com/kr/pretty v0.2.1/go.mod h1:ipq/a2n7PKx3OHsz4KJII5eveXtPO4qwEXGdVfWzfnI=
github.com/kr/pretty v0.3.1 h1:flRD4NNwYAUpkphVc1HcthR4KEIFJ65n8Mw5qdRn3LE=
github.com/kr/pretty v0.3.1/go.mod h1:hoEshYVHaxMs3cyo3Yncou5ZscifuDolrwPKZanG3xk=
github.com/kr/pty v1.1.1/go.mod h1:pFQYn66WHrOpPYNljwOMqo10TkYh1fy3cYio2l3bCsQ=
github.com/kr/text v0.1.0/go.mod h1:4Jbv+DJW3UT/LiOwJeYQe1efqtUx/iVham/4vfdArNI=
github.com/kr/text v0.2.0 h1:5Nx0Ya0ZqY2ygV366QzturHI13Jq95ApcVaJBhpS+AY=
github.com/kr/text v0.2.0/go.mod h1:eLer722TekiGuMkidMxC/pM04lWEeraHUUmBw8l2grE=
github.com/pkg/diff v0.0.0-20210226163009-20ebb0f2a09e/go.mod h1:pJLUxLENpZxwdsKMEsNbx1VGcRFpLqf3715MtcvvzbA=
github.com/pmezard/go-difflib v1.0.1-0.20181226105442-5d4384ee4fb2 h1:Jamvg5psRIccs7FGNTlIRMkT8wgtp5eCXdBlqhYGL6U=
github.com/pmezard/go-difflib v1.0.1-0.20181226105442-5d4384ee4fb2/go.mod h1:iKH77koFhYxTK1pcRnkKkqfTogsbg7gZNVY4sRDYZ/4=
github.com/rogpeppe/go-internal v1.9.0/go.mod h1:WtVeX8xhTBvf0smdhujwtBcq4Qrzq/fJaraNFVN+nFs=
github.com/rogpeppe/go-internal v1.14.1 h1:UQB4HGPB6osV0SQTLymcB4TgvyWu6ZyliaW0tI/otEQ=
github.com/rogpeppe/go-internal v1.14.1/go.mod h1:MaRKkUm5W0goXpeCfT7UZI6fk/L7L7so1lCWt35ZSgc=
github.com/russross/blackfriday/v2 v2.1.0/go.mod h1:+Rmxgy9KzJVeS9/2gXHxylqXiyQDYRxCVz55jmeOWTM=
github.com/shoenig/test v1.13.2 h1:SaGxHxg7xkRuKuNtuFmHf0LgNGaAgcBT7HN4WHCKfqU=
github.com/shoenig/test v1.13.2/go.mod h1:MKmiRyEeuFl8y9PCoThaRDgYQZeWBhRQlH99poXz5LI=
github.com/spf13/cobra v1.10.2 h1:DMTTonx5m65Ic0GOoRY2c16WCbHxOOw6xxezuLaBpcU=
github.com/spf13/cobra v1.10.2/go.mod h1:7C1pvHqHw5A4vrJfjNwvOdzYu0Gml16OCs2GRiTUUS4=
github.com/spf13/pflag v1.0.9/go.mod h1:McXfInJRrz4CZXVZOBLb0bTZqETkiAhM9Iw0y3An2Bg=
github.com/spf13/pflag v1.0.10 h1:4EBh2KAYBwaONj6b2Ye1GiHfwjqyROoF4RwYO+vPwFk=
github.com/spf13/pflag v1.0.10/go.mod h1:McXfInJRrz4CZXVZOBLb0bTZqETkiAhM9Iw0y3An2Bg=
github.com/sqlc-dev/plugin-sdk-go v1.23.0 h1:iSeJhnXPlbDXlbzUEebw/DxsGzE9rdDJArl8Hvt0RMM=
github.com/sqlc-dev/plugin-sdk-go v1.23.0/go.mod h1:I1r4THOfyETD+LI2gogN2LX8wCjwUZrgy/NU4In3llA=
github.com/stretchr/testify v1.11.1 h1:7s2iGBzp5EwR7/aIZr8ao5+dra3wiQyKjjFuvgVKu7U=
github.com/stretchr/testify v1.11.1/go.mod h1:wZwfW3scLgRK+23gO65QZefKpKQRnfz6sD981Nm4B6U=
go.uber.org/goleak v1.3.0 h1:2K3zAYmnTNqV73imy9J1T3WC+gmCePx2hEGkimedGto=
go.uber.org/goleak v1.3.0/go.mod h1:CoHD4mav9JJNrW/WLlf7HGZPjdw8EucARQHekz1X6bE=
go.uber.org/multierr v1.11.0 h1:blXXJkSxSSfBVBlC76pxqeO+LN3aDfLQo+309xJstO0=
go.uber.org/multierr v1.11.0/go.mod h1:20+QtiLqy0Nd6FdQB9TLXag12DsQkrbs3htMFfDN80Y=
go.uber.org/zap v1.27.1 h1:08RqriUEv8+ArZRYSTXy1LeBScaMpVSTBhCeaZYfMYc=
go.uber.org/zap v1.27.1/go.mod h1:GB2qFLM7cTU87MWRP2mPIjqfIDnGu+VIO4V/SdhGo2E=
go.yaml.in/yaml/v3 v3.0.4 h1:tfq32ie2Jv2UxXFdLJdh3jXuOzWiL1fo0bu/FbuKpbc=
go.yaml.in/yaml/v3 v3.0.4/go.mod h1:DhzuOOF2ATzADvBadXxruRBLzYTpT36CKvDb3+aBEFg=
go.yaml.in/yaml/v3 v3.0.5 h1:N6y/pJk8buWs9NY5ERU2HSMfm+IuD/OtfdAnq6kESPw=
go.yaml.in/yaml/v3 v3.0.5/go.mod h1:HVTZu1O7/Vkt2N+BFy8Zza+lnLsABggaTM2ZpNIGuKg=
golang.org/x/mod v0.38.0 h1:MECBjubtXD7yj4HrhIUcywNaGeNVUdfVnxmPajOk4yk=
golang.org/x/mod v0.38.0/go.mod h1:V6Xz0pq8TQ3dGqVQ1FVHuelZpAL0uNhSkk9ogYP3c40=
golang.org/x/net v0.57.0 h1:K5+3DljvIuDG9/Jv9rvyMywYNFCQ9RSUY6OOTTkT+tE=
golang.org/x/net v0.57.0/go.mod h1:KpXc8iv+r3XplLAG/f7Jsf9RPszJzdR0f58q9vGOuEU=
golang.org/x/sync v0.22.0 h1:SZjpbeLmrCk4xhRSZFNZW5gFUeCeFgjekvI/+gfScek=
golang.org/x/sync v0.22.0/go.mod h1:9xrNwdLfx4jkKbNva9FpL6vEN7evnE43NNNJQ2LF3+0=
golang.org/x/sys v0.47.0 h1:o7XGOvZQCADBQQ4Y7VNq2dRWQR7JmOUW8Kxx4ZsNgWs=
golang.org/x/sys v0.47.0/go.mod h1:4GL1E5IUh+htKOUEOaiffhrAeqysfVGipDYzABqnCmw=
golang.org/x/telemetry v0.0.0-20260708182218-49f421fb7959 h1:RJhm5l6Fo4rmEIcndxDllNhhf/fAx8qIm4t6A7vpm2A=
golang.org/x/telemetry v0.0.0-20260708182218-49f421fb7959/go.mod h1:LV7u5Oco+Z/g6XI7PqN+EUUUGGkEcmB1uj2ceI0fOVg=
golang.org/x/text v0.40.0 h1:Ub2Z6/xjgF1WrYQz2nuITOEegKFtiIy+rieRJ5lHZKs=
golang.org/x/text v0.40.0/go.mod h1:hpnzDAfGV753zIKo+wk3u1bVKCGPbrnF7+7LBF/UHVY=
golang.org/x/tools v0.48.0 h1:3+hClM1aLL5mjMKm5ovokw9epgRXPuu2tILgismM6RE=
golang.org/x/tools v0.48.0/go.mod h1:08xX0orndb/F7jJxGDicx061tyd5pcMto75YMAXr6lk=
golang.org/x/xerrors v0.0.0-20191204190536-9bdfabe68543/go.mod h1:I/5z698sn9Ka8TeJc9MKroUUfqBBauWjQqLJ2OPfmY0=
google.golang.org/genproto/googleapis/rpc v0.0.0-20230822172742-b8732ec3820d h1:uvYuEyMHKNt+lT4K3bN6fGswmK8qSvcreM3BwjDh+y4=
google.golang.org/genproto/googleapis/rpc v0.0.0-20230822172742-b8732ec3820d/go.mod h1:+Bk1OCOj40wS2hwAMA+aCW9ypzm63QTBBHp6lQ3p+9M=
google.golang.org/grpc v1.59.0 h1:Z5Iec2pjwb+LEOqzpB2MR12/eKFhDPhuqW91O+4bwUk=
google.golang.org/grpc v1.59.0/go.mod h1:aUPDwccQo6OTjy7Hct4AfBPD1GptF4fyUjIkQ9YtF98=
google.golang.org/protobuf v1.26.0-rc.1/go.mod h1:jlhhOSvTdKEhbULTjvd4ARK9grFBp09yW+WbY/TyQbw=
google.golang.org/protobuf v1.26.0/go.mod h1:9q0QmTI4eRPtz6boOQmLYwt+qCgq0jsYwAQnmE0givc=
google.golang.org/protobuf v1.31.0 h1:g0LDEJHgrBl9N9r17Ru3sqWhkIx2NB67okBHPwC7hs8=
google.golang.org/protobuf v1.31.0/go.mod h1:HV8QOd/L58Z+nl8r43ehVNZIU/HEI6OcFqwMG9pJV4I=
gopkg.in/check.v1 v0.0.0-20161208181325-20d25e280405/go.mod h1:Co6ibVJAznAaIkqp8huTwlJQCZ016jof/cbN4VW5Yz0=
gopkg.in/check.v1 v1.0.0-20201130134442-10cb98267c6c h1:Hei/4ADfdWqJk1ZMxUNpqntNwaWcugrBjAiHlqqRiVk=
gopkg.in/check.v1 v1.0.0-20201130134442-10cb98267c6c/go.mod h1:JHkPIbrfpd72SG/EVd6muEfDQjcINNoR0C8j2r3qZ4Q=
gopkg.in/yaml.v3 v3.0.1 h1:fxVm/GzAzEWqLHuvctI91KS9hhNmmWOoWu0XTYJS7CA=
gopkg.in/yaml.v3 v3.0.1/go.mod h1:K4uyk7z7BCEPqu6E+C64Yfv1cQ7kz7rIZviUmN+EgEM=
